
Microsoft Visual Studio Solution File, Format Version 12.00
# Visual Studio Version 17
VisualStudioVersion = 17.0.31612.314
MinimumVisualStudioVersion = 10.0.40219.1
Project("{9A19103F-16F7-4668-BE54-9A1E7A4F7556}") = "GrpcServer", "GrpcServer\GrpcServer.csproj", "{13A3506E-5306-48A0-9A73-AB2FC2BF5461}"
EndProject
Project("{9A19103F-16F7-4668-BE54-9A1E7A4F7556}") = "GrpcClientSample", "GrpcClientSample\GrpcClientSample.csproj", "{83787BC5-C87D-4314-A70D-D2E5EB6A2BF1}"
EndProject
Project("{9A19103F-16F7-4668-BE54-9A1E7A4F7556}") = "GrpcClientNuget", "GrpcClientNugget\GrpcClientNuget.csproj", "{3D80EC4B-B03A-4A52-985B-1355A067581D}"
EndProject
Global
	GlobalSection(SolutionConfigurationPlatforms) = preSolution
		Debug|Any CPU = Debug|Any CPU
		Release|Any CPU = Release|Any CPU
	EndGlobalSection
	GlobalSection(ProjectConfigurationPlatforms) = postSolution
		{13A3506E-5306-48A0-9A73-AB2FC2BF5461}.Debug|Any CPU.ActiveCfg = Debug|Any CPU
		{13A3506E-5306-48A0-9A73-AB2FC2BF5461}.Debug|Any CPU.Build.0 = Debug|Any CPU
		{13A3506E-5306-48A0-9A73-AB2FC2BF5461}.Release|Any CPU.ActiveCfg = Release|Any CPU
		{13A3506E-5306-48A0-9A73-AB2FC2BF5461}.Release|Any CPU.Build.0 = Release|Any CPU
		{83787BC5-C87D-4314-A70D-D2E5EB6A2BF1}.Debug|Any CPU.ActiveCfg = Debug|Any CPU
		{83787BC5-C87D-4314-A70D-D2E5EB6A2BF1}.Debug|Any CPU.Build.0 = Debug|Any CPU
		{83787BC5-C87D-4314-A70D-D2E5EB6A2BF1}.Release|Any CPU.ActiveCfg = Release|Any CPU
		{83787BC5-C87D-4314-A70D-D2E5EB6A2BF1}.Release|Any CPU.Build.0 = Release|Any CPU
		{3D80EC4B-B03A-4A52-985B-1355A067581D}.Debug|Any CPU.ActiveCfg = Debug|Any CPU
		{3D80EC4B-B03A-4A52-985B-1355A067581D}.Debug|Any CPU.Build.0 = Debug|Any CPU
		{3D80EC4B-B03A-4A52-985B-1355A067581D}.Release|Any CPU.ActiveCfg = Release|Any CPU
		{3D80EC4B-B03A-4A52-985B-1355A067581D}.Release|Any CPU.Build.0 = Release|Any CPU
	EndGlobalSection
	GlobalSection(SolutionProperties) = preSolution
		HideSolutionNode = FALSE
	EndGlobalSection
	GlobalSection(ExtensibilityGlobals) = postSolution
		SolutionGuid = {ECDA68BF-7589-4441-8A1F-79226D1C2673}
	EndGlobalSection
EndGlobal
